
Microsoft Visual Studio Solution File, Format Version 12.00
# Visual Studio Version 16
VisualStudioVersion = 16.0.29911.84
MinimumVisualStudioVersion = 10.0.40219.1
Project("{9A19103F-16F7-4668-BE54-9A1E7A4F7556}") = "Leaves.Domain", "Services\Leaves\Leaves.Domain\Leaves.Domain\Leaves.Domain.csproj", "{E072C263-5B6C-4EFC-AC34-415A35A01E47}"
EndProject
Project("{9A19103F-16F7-4668-BE54-9A1E7A4F7556}") = "Leaves.Infrastructure", "Services\Leaves\Leaves.Infrastructure\Leaves.Infrastructure.csproj", "{497C1FD8-6014-4994-8C6B-69359EB737E7}"
EndProject
Project("{9A19103F-16F7-4668-BE54-9A1E7A4F7556}") = "Leaves.API", "Services\Leaves\Leaves.API\Leaves.API.csproj", "{9E799869-8EC3-43DA-921F-EAE5CA022F6E}"
EndProject
Project("{9A19103F-16F7-4668-BE54-9A1E7A4F7556}") = "Duties.Domain", "Services\Duties\Duties.Domain\Duties.Domain.csproj", "{1BD9B9D6-D49B-4E84-A09C-CE95E8E6EABC}"
EndProject
Project("{FAE04EC0-301F-11D3-BF4B-00C04F79EFBC}") = "Duties.Infrastructure", "Services\Duties\Duties.Infrastructure\Duties.Infrastructure.csproj", "{74E80182-7620-468E-AE49-79624C7AC47D}"
EndProject
Project("{FAE04EC0-301F-11D3-BF4B-00C04F79EFBC}") = "Duties.API", "Services\Duties\Duties.API\Duties.API.csproj", "{6B07F508-2472-4D52-AB26-4A6F95E9D55A}"
EndProject
Global
	GlobalSection(SolutionConfigurationPlatforms) = preSolution
		Debug|Any CPU = Debug|Any CPU
		Release|Any CPU = Release|Any CPU
	EndGlobalSection
	GlobalSection(ProjectConfigurationPlatforms) = postSolution
		{E072C263-5B6C-4EFC-AC34-415A35A01E47}.Debug|Any CPU.ActiveCfg = Debug|Any CPU
		{E072C263-5B6C-4EFC-AC34-415A35A01E47}.Debug|Any CPU.Build.0 = Debug|Any CPU
		{E072C263-5B6C-4EFC-AC34-415A35A01E47}.Release|Any CPU.ActiveCfg = Release|Any CPU
		{E072C263-5B6C-4EFC-AC34-415A35A01E47}.Release|Any CPU.Build.0 = Release|Any CPU
		{497C1FD8-6014-4994-8C6B-69359EB737E7}.Debug|Any CPU.ActiveCfg = Debug|Any CPU
		{497C1FD8-6014-4994-8C6B-69359EB737E7}.Debug|Any CPU.Build.0 = Debug|Any CPU
		{497C1FD8-6014-4994-8C6B-69359EB737E7}.Release|Any CPU.ActiveCfg = Release|Any CPU
		{497C1FD8-6014-4994-8C6B-69359EB737E7}.Release|Any CPU.Build.0 = Release|Any CPU
		{9E799869-8EC3-43DA-921F-EAE5CA022F6E}.Debug|Any CPU.ActiveCfg = Debug|Any CPU
		{9E799869-8EC3-43DA-921F-EAE5CA022F6E}.Debug|Any CPU.Build.0 = Debug|Any CPU
		{9E799869-8EC3-43DA-921F-EAE5CA022F6E}.Release|Any CPU.ActiveCfg = Release|Any CPU
		{9E799869-8EC3-43DA-921F-EAE5CA022F6E}.Release|Any CPU.Build.0 = Release|Any CPU
		{1BD9B9D6-D49B-4E84-A09C-CE95E8E6EABC}.Debug|Any CPU.ActiveCfg = Debug|Any CPU
		{1BD9B9D6-D49B-4E84-A09C-CE95E8E6EABC}.Debug|Any CPU.Build.0 = Debug|Any CPU
		{1BD9B9D6-D49B-4E84-A09C-CE95E8E6EABC}.Release|Any CPU.ActiveCfg = Release|Any CPU
		{1BD9B9D6-D49B-4E84-A09C-CE95E8E6EABC}.Release|Any CPU.Build.0 = Release|Any CPU
		{74E80182-7620-468E-AE49-79624C7AC47D}.Debug|Any CPU.ActiveCfg = Debug|Any CPU
		{74E80182-7620-468E-AE49-79624C7AC47D}.Debug|Any CPU.Build.0 = Debug|Any CPU
		{74E80182-7620-468E-AE49-79624C7AC47D}.Release|Any CPU.ActiveCfg = Release|Any CPU
		{74E80182-7620-468E-AE49-79624C7AC47D}.Release|Any CPU.Build.0 = Release|Any CPU
		{6B07F508-2472-4D52-AB26-4A6F95E9D55A}.Debug|Any CPU.ActiveCfg = Debug|Any CPU
		{6B07F508-2472-4D52-AB26-4A6F95E9D55A}.Debug|Any CPU.Build.0 = Debug|Any CPU
		{6B07F508-2472-4D52-AB26-4A6F95E9D55A}.Release|Any CPU.ActiveCfg = Release|Any CPU
		{6B07F508-2472-4D52-AB26-4A6F95E9D55A}.Release|Any CPU.Build.0 = Release|Any CPU
	EndGlobalSection
	GlobalSection(SolutionProperties) = preSolution
		HideSolutionNode = FALSE
	EndGlobalSection
	GlobalSection(ExtensibilityGlobals) = postSolution
		SolutionGuid = {D77337C5-7B4C-4066-82D0-4569795E2538}
	EndGlobalSection
EndGlobal
